
Microsoft Visual Studio Solution File, Format Version 12.00
# Visual Studio Version 17
VisualStudioVersion = 17.10.35027.167
MinimumVisualStudioVersion = 10.0.40219.1
Project("{FAE04EC0-301F-11D3-BF4B-00C04F79EFBC}") = "ChatHelperBot", "ChatHelperBot\ChatHelperBot.csproj", "{DB6D7441-3A44-4EA4-8872-01EB6C82074D}"
EndProject
Global
	GlobalSection(SolutionConfigurationPlatforms) = preSolution
		Debug|Any CPU = Debug|Any CPU
		Release|Any CPU = Release|Any CPU
	EndGlobalSection
	GlobalSection(ProjectConfigurationPlatforms) = postSolution
		{DB6D7441-3A44-4EA4-8872-01EB6C82074D}.Debug|Any CPU.ActiveCfg = Debug|Any CPU
		{DB6D7441-3A44-4EA4-8872-01EB6C82074D}.Debug|Any CPU.Build.0 = Debug|Any CPU
		{DB6D7441-3A44-4EA4-8872-01EB6C82074D}.Release|Any CPU.ActiveCfg = Release|Any CPU
		{DB6D7441-3A44-4EA4-8872-01EB6C82074D}.Release|Any CPU.Build.0 = Release|Any CPU
	EndGlobalSection
	GlobalSection(SolutionProperties) = preSolution
		HideSolutionNode = FALSE
	EndGlobalSection
	GlobalSection(ExtensibilityGlobals) = postSolution
		SolutionGuid = {9B0DD19A-5AA8-4DB9-B656-19B40551E214}
	EndGlobalSection
EndGlobal
